# This file is automatically @generated by Cargo.
# It is not intended for manual editing.
version = 4

[[package]]
name = "serde"
version = "1.0.210"
source = "registry+https://github.com/rust-lang/crates.io-index"
checksum = "c88c5cf2aa3f9d3ba8f2c5f0a30f1cec7d59e0c1c88ba0e1e6d34a05c9c2d0e9"
dependencies = [
    "serde_derive",
]

[[package]]
name = "serde_derive"
version = "1.0.210"
source = "registry+https://github.com/rust-lang/crates.io-index"
checksum = "4e2b0e1e6e0a30f0f1c15a1e4b5d0e2e0e4d4c8e0e2e4b1e4b0e1f9e2c4a6b"

[[package]]
name = "local-crate"
version = "0.1.0"
dependencies = [
    "serde",
]

[[package]]
name = "git-sourced-crate"
version = "0.2.0"
source = "git+https://example.com/vendor/git-sourced-crate?rev=abcdef1234567890"
