# This file is automatically @generated by Poetry 1.8.5 and should not be changed by hand.
lock-version = "2.1"
python-versions = ">=3.11"
content-hash = "e3b0c44298fc1c149afbf4c8996fb92427ae41e4649b934ca495991b7852b855"

[[package]]
name = "celery"
version = "5.4.0"
description = "Distributed Task Queue."
optional = false
python-versions = ">=3.8"
files = [
    {file = "celery-5.4.0-py3-none-any.whl", hash = "sha256:6b8d3abd53ab2d8e6b1c1bc3dd5fcab6bd740b199c2b5ad4a4b0b2263f2bd99a"},
    {file = "celery-5.4.0.tar.gz", hash = "sha256:6b8d3abd53ab2d8e6b1c1bc3dd5fcab6bd740b199c2b5ad4a4b4b2263f2bd99a"},
]

[[package]]
name = "django"
version = "4.2"
description = "A high-level Python web framework."
optional = false
python-versions = ">=3.8"
files = [
    {file = "django-4.2-py3-none-any.whl", hash = "sha256:0000000000000000000000000000000000000000000000000000000000000000"},
    {file = "django-4.2.tar.gz", hash = "sha256:0000000000000000000000000000000000000000000000000000000000000000"},
]

[[package]]
name = "requests"
description = "Unpinned entry: a lockfile writer can fail to record a version."
optional = false
python-versions = ">=3.8"
files = []
